// !$*UTF8*$!
{
	archiveVersion = 1;
	classes = {
	};
	objectVersion = 77;
	objects = {

/* Begin PBXContainerItemProxy section */
		11CEF99E2DBB7FD50029C46A /* PBXContainerItemProxy */ = {
			isa = PBXContainerItemProxy;
			containerPortal = 11CEF9882DBB7FD30029C46A /* Project object */;
			proxyType = 1;
			remoteGlobalIDString = 11CEF98F2DBB7FD30029C46A;
			remoteInfo = tiktoc;
		};
		11CEF9A82DBB7FD50029C46A /* PBXContainerItemProxy */ = {
			isa = PBXContainerItemProxy;
			containerPortal = 11CEF9882DBB7FD30029C46A /* Project object */;
			proxyType = 1;
			remoteGlobalIDString = 11CEF98F2DBB7FD30029C46A;
			remoteInfo = tiktoc;
		};
/* End PBXContainerItemProxy section */

/* Begin PBXFileReference section */
		11CEF9902DBB7FD30029C46A /* tiktoc.app */ = {isa = PBXFileReference; explicitFileType = wrapper.application; includeInIndex = 0; path = tiktoc.app; sourceTree = BUILT_PRODUCTS_DIR; };
		11CEF99D2DBB7FD50029C46A /* tiktocTests.xctest */ = {isa = PBXFileReference; explicitFileType = wrapper.cfbundle; includeInIndex = 0; path = tiktocTests.xctest; sourceTree = BUILT_PRODUCTS_DIR; };
		11CEF9A72DBB7FD50029C46A /* tiktocUITests.xctest */ = {isa = PBXFileReference; explicitFileType = wrapper.cfbundle; includeInIndex = 0; path = tiktocUITests.xctest; sourceTree = BUILT_PRODUCTS_DIR; };
/* End PBXFileReference section */

/* Begin PBXFileSystemSynchronizedRootGroup section */
		11CEF9922DBB7FD30029C46A /* tiktoc */ = {
			isa = PBXFileSystemSynchronizedRootGroup;
			path = tiktoc;
			sourceTree = "<group>";
		};
		11CEF9A02DBB7FD50029C46A /* tiktocTests */ = {
			isa = PBXFileSystemSynchronizedRootGroup;
			path = tiktocTests;
			sourceTree = "<group>";
		};
		11CEF9AA2DBB7FD50029C46A /* tiktocUITests */ = {
			isa = PBXFileSystemSynchronizedRootGroup;
			path = tiktocUITests;
			sourceTree = "<group>";
		};
/* End PBXFileSystemSynchronizedRootGroup section */

/* Begin PBXFrameworksBuildPhase section */
		11CEF98D2DBB7FD30029C46A /* Frameworks */ = {
			isa = PBXFrameworksBuildPhase;
			buildActionMask = 2147483647;
			files = (
			);
			runOnlyForDeploymentPostprocessing = 0;
		};
		11CEF99A2DBB7FD50029C46A /* Frameworks */ = {
			isa = PBXFrameworksBuildPhase;
			buildActionMask = 2147483647;
			files = (
			);
			runOnlyForDeploymentPostprocessing = 0;
		};
		11CEF9A42DBB7FD50029C46A /* Frameworks */ = {
			isa = PBXFrameworksBuildPhase;
			buildActionMask = 2147483647;
			files = (
			);
			runOnlyForDeploymentPostprocessing = 0;
		};
/* End PBXFrameworksBuildPhase section */

/* Begin PBXGroup section */
		11CEF9872DBB7FD30029C46A = {
			isa = PBXGroup;
			children = (
				11CEF9922DBB7FD30029C46A /* tiktoc */,
				11CEF9A02DBB7FD50029C46A /* tiktocTests */,
				11CEF9AA2DBB7FD50029C46A /* tiktocUITests */,
				11CEF9912DBB7FD30029C46A /* Products */,
			);
			sourceTree = "<group>";
		};
		11CEF9912DBB7FD30029C46A /* Products */ = {
			isa = PBXGroup;
			children = (
				11CEF9902DBB7FD30029C46A /* tiktoc.app */,
				11CEF99D2DBB7FD50029C46A /* tiktocTests.xctest */,
				11CEF9A72DBB7FD50029C46A /* tiktocUITests.xctest */,
			);
			name = Products;
			sourceTree = "<group>";
		};
/* End PBXGroup section */

/* Begin PBXNativeTarget section */
		11CEF98F2DBB7FD30029C46A /* tiktoc */ = {
			isa = PBXNativeTarget;
			buildConfigurationList = 11CEF9B12DBB7FD50029C46A /* Build configuration list for PBXNativeTarget "tiktoc" */;
			buildPhases = (
				11CEF98C2DBB7FD30029C46A /* Sources */,
				11CEF98D2DBB7FD30029C46A /* Frameworks */,
				11CEF98E2DBB7FD30029C46A /* Resources */,
			);
			buildRules = (
			);
			dependencies = (
			);
			fileSystemSynchronizedGroups = (
				11CEF9922DBB7FD30029C46A /* tiktoc */,
			);
			name = tiktoc;
			packageProductDependencies = (
			);
			productName = tiktoc;
			productReference = 11CEF9902DBB7FD30029C46A /* tiktoc.app */;
			productType = "com.apple.product-type.application";
		};
		11CEF99C2DBB7FD50029C46A /* tiktocTests */ = {
			isa = PBXNativeTarget;
			buildConfigurationList = 11CEF9B42DBB7FD50029C46A /* Build configuration list for PBXNativeTarget "tiktocTests" */;
			buildPhases = (
				11CEF9992DBB7FD50029C46A /* Sources */,
				11CEF99A2DBB7FD50029C46A /* Frameworks */,
				11CEF99B2DBB7FD50029C46A /* Resources */,
			);
			buildRules = (
			);
			dependencies = (
				11CEF99F2DBB7FD50029C46A /* PBXTargetDependency */,
			);
			fileSystemSynchronizedGroups = (
				11CEF9A02DBB7FD50029C46A /* tiktocTests */,
			);
			name = tiktocTests;
			packageProductDependencies = (
			);
			productName = tiktocTests;
			productReference = 11CEF99D2DBB7FD50029C46A /* tiktocTests.xctest */;
			productType = "com.apple.product-type.bundle.unit-test";
		};
		11CEF9A62DBB7FD50029C46A /* tiktocUITests */ = {
			isa = PBXNativeTarget;
			buildConfigurationList = 11CEF9B72DBB7FD50029C46A /* Build configuration list for PBXNativeTarget "tiktocUITests" */;
			buildPhases = (
				11CEF9A32DBB7FD50029C46A /* Sources */,
				11CEF9A42DBB7FD50029C46A /* Frameworks */,
				11CEF9A52DBB7FD50029C46A /* Resources */,
			);
			buildRules = (
			);
			dependencies = (
				11CEF9A92DBB7FD50029C46A /* PBXTargetDependency */,
			);
			fileSystemSynchronizedGroups = (
				11CEF9AA2DBB7FD50029C46A /* tiktocUITests */,
			);
			name = tiktocUITests;
			packageProductDependencies = (
			);
			productName = tiktocUITests;
			productReference = 11CEF9A72DBB7FD50029C46A /* tiktocUITests.xctest */;
			productType = "com.apple.product-type.bundle.ui-testing";
		};
/* End PBXNativeTarget section */

/* Begin PBXProject section */
		11CEF9882DBB7FD30029C46A /* Project object */ = {
			isa = PBXProject;
			attributes = {
				BuildIndependentTargetsInParallel = 1;
				LastSwiftUpdateCheck = 1630;
				LastUpgradeCheck = 1630;
				TargetAttributes = {
					11CEF98F2DBB7FD30029C46A = {
						CreatedOnToolsVersion = 16.3;
					};
					11CEF99C2DBB7FD50029C46A = {
						CreatedOnToolsVersion = 16.3;
						TestTargetID = 11CEF98F2DBB7FD30029C46A;
					};
					11CEF9A62DBB7FD50029C46A = {
						CreatedOnToolsVersion = 16.3;
						TestTargetID = 11CEF98F2DBB7FD30029C46A;
					};
				};
			};
			buildConfigurationList = 11CEF98B2DBB7FD30029C46A /* Build configuration list for PBXProject "tiktoc" */;
			developmentRegion = en;
			hasScannedForEncodings = 0;
			knownRegions = (
				en,
				Base,
			);
			mainGroup = 11CEF9872DBB7FD30029C46A;
			minimizedProjectReferenceProxies = 1;
			preferredProjectObjectVersion = 77;
			productRefGroup = 11CEF9912DBB7FD30029C46A /* Products */;
			projectDirPath = "";
			projectRoot = "";
			targets = (
				11CEF98F2DBB7FD30029C46A /* tiktoc */,
				11CEF99C2DBB7FD50029C46A /* tiktocTests */,
				11CEF9A62DBB7FD50029C46A /* tiktocUITests */,
			);
		};
/* End PBXProject section */

/* Begin PBXResourcesBuildPhase section */
		11CEF98E2DBB7FD30029C46A /* Resources */ = {
			isa = PBXResourcesBuildPhase;
			buildActionMask = 2147483647;
			files = (
			);
			runOnlyForDeploymentPostprocessing = 0;
		};
		11CEF99B2DBB7FD50029C46A /* Resources */ = {
			isa = PBXResourcesBuildPhase;
			buildActionMask = 2147483647;
			files = (
			);
			runOnlyForDeploymentPostprocessing = 0;
		};
		11CEF9A52DBB7FD50029C46A /* Resources */ = {
			isa = PBXResourcesBuildPhase;
			buildActionMask = 2147483647;
			files = (
			);
			runOnlyForDeploymentPostprocessing = 0;
		};
/* End PBXResourcesBuildPhase section */

/* Begin PBXSourcesBuildPhase section */
		11CEF98C2DBB7FD30029C46A /* Sources */ = {
			isa = PBXSourcesBuildPhase;
			buildActionMask = 2147483647;
			files = (
			);
			runOnlyForDeploymentPostprocessing = 0;
		};
		11CEF9992DBB7FD50029C46A /* Sources */ = {
			isa = PBXSourcesBuildPhase;
			buildActionMask = 2147483647;
			files = (
			);
			runOnlyForDeploymentPostprocessing = 0;
		};
		11CEF9A32DBB7FD50029C46A /* Sources */ = {
			isa = PBXSourcesBuildPhase;
			buildActionMask = 2147483647;
			files = (
			);
			runOnlyForDeploymentPostprocessing = 0;
		};
/* End PBXSourcesBuildPhase section */

/* Begin PBXTargetDependency section */
		11CEF99F2DBB7FD50029C46A /* PBXTargetDependency */ = {
			isa = PBXTargetDependency;
			target = 11CEF98F2DBB7FD30029C46A /* tiktoc */;
			targetProxy = 11CEF99E2DBB7FD50029C46A /* PBXContainerItemProxy */;
		};
		11CEF9A92DBB7FD50029C46A /* PBXTargetDependency */ = {
			isa = PBXTargetDependency;
			target = 11CEF98F2DBB7FD30029C46A /* tiktoc */;
			targetProxy = 11CEF9A82DBB7FD50029C46A /* PBXContainerItemProxy */;
		};
/* End PBXTargetDependency section */

/* Begin XCBuildConfiguration section */
		11CEF9AF2DBB7FD50029C46A /* Debug */ = {
			isa = XCBuildConfiguration;
			buildSettings = {
				ALWAYS_SEARCH_USER_PATHS = NO;
				ASSETCATALOG_COMPILER_GENERATE_SWIFT_ASSET_SYMBOL_EXTENSIONS = YES;
				CLANG_ANALYZER_NONNULL = YES;
				CLANG_ANALYZER_NUMBER_OBJECT_CONVERSION = YES_AGGRESSIVE;
				CLANG_CXX_LANGUAGE_STANDARD = "gnu++20";
				CLANG_ENABLE_MODULES = YES;
				CLANG_ENABLE_OBJC_ARC = YES;
				CLANG_ENABLE_OBJC_WEAK = YES;
				CLANG_WARN_BLOCK_CAPTURE_AUTORELEASING = YES;
				CLANG_WARN_BOOL_CONVERSION = YES;
				CLANG_WARN_COMMA = YES;
				CLANG_WARN_CONSTANT_CONVERSION = YES;
				CLANG_WARN_DEPRECATED_OBJC_IMPLEMENTATIONS = YES;
				CLANG_WARN_DIRECT_OBJC_ISA_USAGE = YES_ERROR;
				CLANG_WARN_DOCUMENTATION_COMMENTS = YES;
				CLANG_WARN_EMPTY_BODY = YES;
				CLANG_WARN_ENUM_CONVERSION = YES;
				CLANG_WARN_INFINITE_RECURSION = YES;
				CLANG_WARN_INT_CONVERSION = YES;
				CLANG_WARN_NON_LITERAL_NULL_CONVERSION = YES;
				CLANG_WARN_OBJC_IMPLICIT_RETAIN_SELF = YES;
				CLANG_WARN_OBJC_LITERAL_CONVERSION = YES;
				CLANG_WARN_OBJC_ROOT_CLASS = YES_ERROR;
				CLANG_WARN_QUOTED_INCLUDE_IN_FRAMEWORK_HEADER = YES;
				CLANG_WARN_RANGE_LOOP_ANALYSIS = YES;
				CLANG_WARN_STRICT_PROTOTYPES = YES;
				CLANG_WARN_SUSPICIOUS_MOVE = YES;
				CLANG_WARN_UNGUARDED_AVAILABILITY = YES_AGGRESSIVE;
				CLANG_WARN_UNREACHABLE_CODE = YES;
				CLANG_WARN__DUPLICATE_METHOD_MATCH = YES;
				COPY_PHASE_STRIP = NO;
				DEBUG_INFORMATION_FORMAT = dwarf;
				DEVELOPMENT_TEAM = CJURVALK95;
				ENABLE_STRICT_OBJC_MSGSEND = YES;
				ENABLE_TESTABILITY = YES;
				ENABLE_USER_SCRIPT_SANDBOXING = YES;
				GCC_C_LANGUAGE_STANDARD = gnu17;
				GCC_DYNAMIC_NO_PIC = NO;
				GCC_NO_COMMON_BLOCKS = YES;
				GCC_OPTIMIZATION_LEVEL = 0;
				GCC_PREPROCESSOR_DEFINITIONS = (
					"DEBUG=1",
					"$(inherited)",
				);
				GCC_WARN_64_TO_32_BIT_CONVERSION = YES;
				GCC_WARN_ABOUT_RETURN_TYPE = YES_ERROR;
				GCC_WARN_UNDECLARED_SELECTOR = YES;
				GCC_WARN_UNINITIALIZED_AUTOS = YES_AGGRESSIVE;
				GCC_WARN_UNUSED_FUNCTION = YES;
				GCC_WARN_UNUSED_VARIABLE = YES;
				IPHONEOS_DEPLOYMENT_TARGET = 18.4;
				LOCALIZATION_PREFERS_STRING_CATALOGS = YES;
				MTL_ENABLE_DEBUG_INFO = INCLUDE_SOURCE;
				MTL_FAST_MATH = YES;
				ONLY_ACTIVE_ARCH = YES;
				SDKROOT = iphoneos;
				SWIFT_ACTIVE_COMPILATION_CONDITIONS = "DEBUG $(inherited)";
				SWIFT_OPTIMIZATION_LEVEL = "-Onone";
			};
			name = Debug;
		};
		11CEF9B02DBB7FD50029C46A /* Release */ = {
			isa = XCBuildConfiguration;
			buildSettings = {
				ALWAYS_SEARCH_USER_PATHS = NO;
				ASSETCATALOG_COMPILER_GENERATE_SWIFT_ASSET_SYMBOL_EXTENSIONS = YES;
				CLANG_ANALYZER_NONNULL = YES;
				CLANG_ANALYZER_NUMBER_OBJECT_CONVERSION = YES_AGGRESSIVE;
				CLANG_CXX_LANGUAGE_STANDARD = "gnu++20";
				CLANG_ENABLE_MODULES = YES;
				CLANG_ENABLE_OBJC_ARC = YES;
				CLANG_ENABLE_OBJC_WEAK = YES;
				CLANG_WARN_BLOCK_CAPTURE_AUTORELEASING = YES;
				CLANG_WARN_BOOL_CONVERSION = YES;
				CLANG_WARN_COMMA = YES;
				CLANG_WARN_CONSTANT_CONVERSION = YES;
				CLANG_WARN_DEPRECATED_OBJC_IMPLEMENTATIONS = YES;
				CLANG_WARN_DIRECT_OBJC_ISA_USAGE = YES_ERROR;
				CLANG_WARN_DOCUMENTATION_COMMENTS = YES;
				CLANG_WARN_EMPTY_BODY = YES;
				CLANG_WARN_ENUM_CONVERSION = YES;
				CLANG_WARN_INFINITE_RECURSION = YES;
				CLANG_WARN_INT_CONVERSION = YES;
				CLANG_WARN_NON_LITERAL_NULL_CONVERSION = YES;
				CLANG_WARN_OBJC_IMPLICIT_RETAIN_SELF = YES;
				CLANG_WARN_OBJC_LITERAL_CONVERSION = YES;
				CLANG_WARN_OBJC_ROOT_CLASS = YES_ERROR;
				CLANG_WARN_QUOTED_INCLUDE_IN_FRAMEWORK_HEADER = YES;
				CLANG_WARN_RANGE_LOOP_ANALYSIS = YES;
				CLANG_WARN_STRICT_PROTOTYPES = YES;
				CLANG_WARN_SUSPICIOUS_MOVE = YES;
				CLANG_WARN_UNGUARDED_AVAILABILITY = YES_AGGRESSIVE;
				CLANG_WARN_UNREACHABLE_CODE = YES;
				CLANG_WARN__DUPLICATE_METHOD_MATCH = YES;
				COPY_PHASE_STRIP = NO;
				DEBUG_INFORMATION_FORMAT = "dwarf-with-dsym";
				DEVELOPMENT_TEAM = CJURVALK95;
				ENABLE_NS_ASSERTIONS = NO;
				ENABLE_STRICT_OBJC_MSGSEND = YES;
				ENABLE_USER_SCRIPT_SANDBOXING = YES;
				GCC_C_LANGUAGE_STANDARD = gnu17;
				GCC_NO_COMMON_BLOCKS = YES;
				GCC_WARN_64_TO_32_BIT_CONVERSION = YES;
				GCC_WARN_ABOUT_RETURN_TYPE = YES_ERROR;
				GCC_WARN_UNDECLARED_SELECTOR = YES;
				GCC_WARN_UNINITIALIZED_AUTOS = YES_AGGRESSIVE;
				GCC_WARN_UNUSED_FUNCTION = YES;
				GCC_WARN_UNUSED_VARIABLE = YES;
				IPHONEOS_DEPLOYMENT_TARGET = 18.4;
				LOCALIZATION_PREFERS_STRING_CATALOGS = YES;
				MTL_ENABLE_DEBUG_INFO = NO;
				MTL_FAST_MATH = YES;
				SDKROOT = iphoneos;
				SWIFT_COMPILATION_MODE = wholemodule;
				VALIDATE_PRODUCT = YES;
			};
			name = Release;
		};
		11CEF9B22DBB7FD50029C46A /* Debug */ = {
			isa = XCBuildConfiguration;
			buildSettings = {
				ASSETCATALOG_COMPILER_APPICON_NAME = AppIcon;
				ASSETCATALOG_COMPILER_GLOBAL_ACCENT_COLOR_NAME = AccentColor;
				CODE_SIGN_STYLE = Automatic;
				CURRENT_PROJECT_VERSION = 1;
				DEVELOPMENT_TEAM = CJURVALK95;
				ENABLE_PREVIEWS = YES;
				GENERATE_INFOPLIST_FILE = YES;
				INFOPLIST_KEY_UIApplicationSceneManifest_Generation = YES;
				INFOPLIST_KEY_UIApplicationSupportsIndirectInputEvents = YES;
				INFOPLIST_KEY_UILaunchScreen_Generation = YES;
				INFOPLIST_KEY_UISupportedInterfaceOrientations_iPad = "UIInterfaceOrientationPortrait UIInterfaceOrientationPortraitUpsideDown UIInterfaceOrientationLandscapeLeft UIInterfaceOrientationLandscapeRight";
				INFOPLIST_KEY_UISupportedInterfaceOrientations_iPhone = "UIInterfaceOrientationPortrait UIInterfaceOrientationLandscapeLeft UIInterfaceOrientationLandscapeRight";
				LD_RUNPATH_SEARCH_PATHS = (
					"$(inherited)",
					"@executable_path/Frameworks",
				);
				MARKETING_VERSION = 1.0;
				PRODUCT_BUNDLE_IDENTIFIER = Mohammadgdz.tiktoc;
				PRODUCT_NAME = "$(TARGET_NAME)";
				SWIFT_EMIT_LOC_STRINGS = YES;
				SWIFT_VERSION = 5.0;
				TARGETED_DEVICE_FAMILY = "1,2";
			};
			name = Debug;
		};
		11CEF9B32DBB7FD50029C46A /* Release */ = {
			isa = XCBuildConfiguration;
			buildSettings = {
				ASSETCATALOG_COMPILER_APPICON_NAME = AppIcon;
				ASSETCATALOG_COMPILER_GLOBAL_ACCENT_COLOR_NAME = AccentColor;
				CODE_SIGN_STYLE = Automatic;
				CURRENT_PROJECT_VERSION = 1;
				DEVELOPMENT_TEAM = CJURVALK95;
				ENABLE_PREVIEWS = YES;
				GENERATE_INFOPLIST_FILE = YES;
				INFOPLIST_KEY_UIApplicationSceneManifest_Generation = YES;
				INFOPLIST_KEY_UIApplicationSupportsIndirectInputEvents = YES;
				INFOPLIST_KEY_UILaunchScreen_Generation = YES;
				INFOPLIST_KEY_UISupportedInterfaceOrientations_iPad = "UIInterfaceOrientationPortrait UIInterfaceOrientationPortraitUpsideDown UIInterfaceOrientationLandscapeLeft UIInterfaceOrientationLandscapeRight";
				INFOPLIST_KEY_UISupportedInterfaceOrientations_iPhone = "UIInterfaceOrientationPortrait UIInterfaceOrientationLandscapeLeft UIInterfaceOrientationLandscapeRight";
				LD_RUNPATH_SEARCH_PATHS = (
					"$(inherited)",
					"@executable_path/Frameworks",
				);
				MARKETING_VERSION = 1.0;
				PRODUCT_BUNDLE_IDENTIFIER = Mohammadgdz.tiktoc;
				PRODUCT_NAME = "$(TARGET_NAME)";
				SWIFT_EMIT_LOC_STRINGS = YES;
				SWIFT_VERSION = 5.0;
				TARGETED_DEVICE_FAMILY = "1,2";
			};
			name = Release;
		};
		11CEF9B52DBB7FD50029C46A /* Debug */ = {
			isa = XCBuildConfiguration;
			buildSettings = {
				BUNDLE_LOADER = "$(TEST_HOST)";
				CODE_SIGN_STYLE = Automatic;
				CURRENT_PROJECT_VERSION = 1;
				DEVELOPMENT_TEAM = CJURVALK95;
				GENERATE_INFOPLIST_FILE = YES;
				IPHONEOS_DEPLOYMENT_TARGET = 18.4;
				MARKETING_VERSION = 1.0;
				PRODUCT_BUNDLE_IDENTIFIER = Mohammadgdz.tiktocTests;
				PRODUCT_NAME = "$(TARGET_NAME)";
				SWIFT_EMIT_LOC_STRINGS = NO;
				SWIFT_VERSION = 5.0;
				TARGETED_DEVICE_FAMILY = "1,2";
				TEST_HOST = "$(BUILT_PRODUCTS_DIR)/tiktoc.app/$(BUNDLE_EXECUTABLE_FOLDER_PATH)/tiktoc";
			};
			name = Debug;
		};
		11CEF9B62DBB7FD50029C46A /* Release */ = {
			isa = XCBuildConfiguration;
			buildSettings = {
				BUNDLE_LOADER = "$(TEST_HOST)";
				CODE_SIGN_STYLE = Automatic;
				CURRENT_PROJECT_VERSION = 1;
				DEVELOPMENT_TEAM = CJURVALK95;
				GENERATE_INFOPLIST_FILE = YES;
				IPHONEOS_DEPLOYMENT_TARGET = 18.4;
				MARKETING_VERSION = 1.0;
				PRODUCT_BUNDLE_IDENTIFIER = Mohammadgdz.tiktocTests;
				PRODUCT_NAME = "$(TARGET_NAME)";
				SWIFT_EMIT_LOC_STRINGS = NO;
				SWIFT_VERSION = 5.0;
				TARGETED_DEVICE_FAMILY = "1,2";
				TEST_HOST = "$(BUILT_PRODUCTS_DIR)/tiktoc.app/$(BUNDLE_EXECUTABLE_FOLDER_PATH)/tiktoc";
			};
			name = Release;
		};
		11CEF9B82DBB7FD50029C46A /* Debug */ = {
			isa = XCBuildConfiguration;
			buildSettings = {
				CODE_SIGN_STYLE = Automatic;
				CURRENT_PROJECT_VERSION = 1;
				DEVELOPMENT_TEAM = CJURVALK95;
				GENERATE_INFOPLIST_FILE = YES;
				MARKETING_VERSION = 1.0;
				PRODUCT_BUNDLE_IDENTIFIER = Mohammadgdz.tiktocUITests;
				PRODUCT_NAME = "$(TARGET_NAME)";
				SWIFT_EMIT_LOC_STRINGS = NO;
				SWIFT_VERSION = 5.0;
				TARGETED_DEVICE_FAMILY = "1,2";
				TEST_TARGET_NAME = tiktoc;
			};
			name = Debug;
		};
		11CEF9B92DBB7FD50029C46A /* Release */ = {
			isa = XCBuildConfiguration;
			buildSettings = {
				CODE_SIGN_STYLE = Automatic;
				CURRENT_PROJECT_VERSION = 1;
				DEVELOPMENT_TEAM = CJURVALK95;
				GENERATE_INFOPLIST_FILE = YES;
				MARKETING_VERSION = 1.0;
				PRODUCT_BUNDLE_IDENTIFIER = Mohammadgdz.tiktocUITests;
				PRODUCT_NAME = "$(TARGET_NAME)";
				SWIFT_EMIT_LOC_STRINGS = NO;
				SWIFT_VERSION = 5.0;
				TARGETED_DEVICE_FAMILY = "1,2";
				TEST_TARGET_NAME = tiktoc;
			};
			name = Release;
		};
/* End XCBuildConfiguration section */

/* Begin XCConfigurationList section */
		11CEF98B2DBB7FD30029C46A /* Build configuration list for PBXProject "tiktoc" */ = {
			isa = XCConfigurationList;
			buildConfigurations = (
				11CEF9AF2DBB7FD50029C46A /* Debug */,
				11CEF9B02DBB7FD50029C46A /* Release */,
			);
			defaultConfigurationIsVisible = 0;
			defaultConfigurationName = Release;
		};
		11CEF9B12DBB7FD50029C46A /* Build configuration list for PBXNativeTarget "tiktoc" */ = {
			isa = XCConfigurationList;
			buildConfigurations = (
				11CEF9B22DBB7FD50029C46A /* Debug */,
				11CEF9B32DBB7FD50029C46A /* Release */,
			);
			defaultConfigurationIsVisible = 0;
			defaultConfigurationName = Release;
		};
		11CEF9B42DBB7FD50029C46A /* Build configuration list for PBXNativeTarget "tiktocTests" */ = {
			isa = XCConfigurationList;
			buildConfigurations = (
				11CEF9B52DBB7FD50029C46A /* Debug */,
				11CEF9B62DBB7FD50029C46A /* Release */,
			);
			defaultConfigurationIsVisible = 0;
			defaultConfigurationName = Release;
		};
		11CEF9B72DBB7FD50029C46A /* Build configuration list for PBXNativeTarget "tiktocUITests" */ = {
			isa = XCConfigurationList;
			buildConfigurations = (
				11CEF9B82DBB7FD50029C46A /* Debug */,
				11CEF9B92DBB7FD50029C46A /* Release */,
			);
			defaultConfigurationIsVisible = 0;
			defaultConfigurationName = Release;
		};
/* End XCConfigurationList section */
	};
	rootObject = 11CEF9882DBB7FD30029C46A /* Project object */;
}
